
Microsoft Visual Studio Solution File, Format Version 12.00
# Visual Studio Version 16
VisualStudioVersion = 16.0.30523.141
MinimumVisualStudioVersion = 10.0.40219.1
Project("{FAE04EC0-301F-11D3-BF4B-00C04F79EFBC}") = "Product Management", "Product Management\Product Management.csproj", "{36384E12-3FFB-48CF-B71E-89B4EE87BF47}"
EndProject
Global
	GlobalSection(SolutionConfigurationPlatforms) = preSolution
		Debug|ARM = Debug|ARM
		Debug|ARM64 = Debug|ARM64
		Debug|x64 = Debug|x64
		Debug|x86 = Debug|x86
		Release|ARM = Release|ARM
		Release|ARM64 = Release|ARM64
		Release|x64 = Release|x64
		Release|x86 = Release|x86
	EndGlobalSection
	GlobalSection(ProjectConfigurationPlatforms) = postSolution
		{36384E12-3FFB-48CF-B71E-89B4EE87BF47}.Debug|ARM.ActiveCfg = Debug|ARM
		{36384E12-3FFB-48CF-B71E-89B4EE87BF47}.Debug|ARM.Build.0 = Debug|ARM
		{36384E12-3FFB-48CF-B71E-89B4EE87BF47}.Debug|ARM.Deploy.0 = Debug|ARM
		{36384E12-3FFB-48CF-B71E-89B4EE87BF47}.Debug|ARM64.ActiveCfg = Debug|ARM64
		{36384E12-3FFB-48CF-B71E-89B4EE87BF47}.Debug|ARM64.Build.0 = Debug|ARM64
		{36384E12-3FFB-48CF-B71E-89B4EE87BF47}.Debug|ARM64.Deploy.0 = Debug|ARM64
		{36384E12-3FFB-48CF-B71E-89B4EE87BF47}.Debug|x64.ActiveCfg = Debug|x64
		{36384E12-3FFB-48CF-B71E-89B4EE87BF47}.Debug|x64.Build.0 = Debug|x64
		{36384E12-3FFB-48CF-B71E-89B4EE87BF47}.Debug|x64.Deploy.0 = Debug|x64
		{36384E12-3FFB-48CF-B71E-89B4EE87BF47}.Debug|x86.ActiveCfg = Debug|x86
		{36384E12-3FFB-48CF-B71E-89B4EE87BF47}.Debug|x86.Build.0 = Debug|x86
		{36384E12-3FFB-48CF-B71E-89B4EE87BF47}.Debug|x86.Deploy.0 = Debug|x86
		{36384E12-3FFB-48CF-B71E-89B4EE87BF47}.Release|ARM.ActiveCfg = Release|ARM
		{36384E12-3FFB-48CF-B71E-89B4EE87BF47}.Release|ARM.Build.0 = Release|ARM
		{36384E12-3FFB-48CF-B71E-89B4EE87BF47}.Release|ARM.Deploy.0 = Release|ARM
		{36384E12-3FFB-48CF-B71E-89B4EE87BF47}.Release|ARM64.ActiveCfg = Release|ARM64
		{36384E12-3FFB-48CF-B71E-89B4EE87BF47}.Release|ARM64.Build.0 = Release|ARM64
		{36384E12-3FFB-48CF-B71E-89B4EE87BF47}.Release|ARM64.Deploy.0 = Release|ARM64
		{36384E12-3FFB-48CF-B71E-89B4EE87BF47}.Release|x64.ActiveCfg = Release|x64
		{36384E12-3FFB-48CF-B71E-89B4EE87BF47}.Release|x64.Build.0 = Release|x64
		{36384E12-3FFB-48CF-B71E-89B4EE87BF47}.Release|x64.Deploy.0 = Release|x64
		{36384E12-3FFB-48CF-B71E-89B4EE87BF47}.Release|x86.ActiveCfg = Release|x86
		{36384E12-3FFB-48CF-B71E-89B4EE87BF47}.Release|x86.Build.0 = Release|x86
		{36384E12-3FFB-48CF-B71E-89B4EE87BF47}.Release|x86.Deploy.0 = Release|x86
	EndGlobalSection
	GlobalSection(SolutionProperties) = preSolution
		HideSolutionNode = FALSE
	EndGlobalSection
	GlobalSection(ExtensibilityGlobals) = postSolution
		SolutionGuid = {7FF92185-A270-4D76-A521-246AC1F330F5}
	EndGlobalSection
EndGlobal
